
Microsoft Visual Studio Solution File, Format Version 12.00
# Visual Studio Version 16
VisualStudioVersion = 16.0.31624.102
MinimumVisualStudioVersion = 10.0.40219.1
Project("{2150E333-8FDC-42A3-9474-1A3956D46DE8}") = "01. Client", "01. Client", "{7B9D2FBA-1D7E-450F-AC58-07F2CCDD8AD3}"
EndProject
Project("{2150E333-8FDC-42A3-9474-1A3956D46DE8}") = "02. Api.Gateways", "02. Api.Gateways", "{6A051A63-946C-40A9-A487-16FC4C6B310C}"
EndProject
Project("{2150E333-8FDC-42A3-9474-1A3956D46DE8}") = "03. Services", "03. Services", "{228CDE89-EDDF-4F2C-92D0-1226989115F0}"
EndProject
Project("{2150E333-8FDC-42A3-9474-1A3956D46DE8}") = "01. Identity", "01. Identity", "{1524D906-1711-4ABB-923C-83538644A062}"
EndProject
Project("{2150E333-8FDC-42A3-9474-1A3956D46DE8}") = "02. Catalog", "02. Catalog", "{5F285FB7-0225-4344-89DC-9BD1F2CF9191}"
EndProject
Project("{2150E333-8FDC-42A3-9474-1A3956D46DE8}") = "03. Customer", "03. Customer", "{BCF544FC-B842-44FA-8F41-A1DD3C5830ED}"
EndProject
Project("{2150E333-8FDC-42A3-9474-1A3956D46DE8}") = "04. Order", "04. Order", "{D2A1D162-DD7D-4535-B653-407A0D147528}"
EndProject
Project("{FAE04EC0-301F-11D3-BF4B-00C04F79EFBC}") = "Catalog.Api", "src\Services\Catalog\Catalog.Api\Catalog.Api.csproj", "{E08CEFAE-0FB7-4BA2-BC06-B5C69FF7814F}"
EndProject
Project("{2150E333-8FDC-42A3-9474-1A3956D46DE8}") = "Api", "Api", "{3CB92F93-9328-423F-B5FC-0F9416ECB328}"
EndProject
Project("{2150E333-8FDC-42A3-9474-1A3956D46DE8}") = "Services", "Services", "{FFD82598-FC86-45F8-9F8B-E607F2C25333}"
EndProject
Project("{2150E333-8FDC-42A3-9474-1A3956D46DE8}") = "Persistance", "Persistance", "{09B3B95C-DC7A-418C-920D-5D5A38421864}"
EndProject
Project("{2150E333-8FDC-42A3-9474-1A3956D46DE8}") = "Models", "Models", "{C7063F1D-51C8-448F-9FF2-125AEAD2D263}"
EndProject
Project("{FAE04EC0-301F-11D3-BF4B-00C04F79EFBC}") = "CatalogDomain", "src\Services\Catalog\CatalogDomain\CatalogDomain.csproj", "{515F5089-BFAF-4C88-8C72-6BA81AAD6D67}"
EndProject
Global
	GlobalSection(SolutionConfigurationPlatforms) = preSolution
		Debug|Any CPU = Debug|Any CPU
		Release|Any CPU = Release|Any CPU
	EndGlobalSection
	GlobalSection(ProjectConfigurationPlatforms) = postSolution
		{E08CEFAE-0FB7-4BA2-BC06-B5C69FF7814F}.Debug|Any CPU.ActiveCfg = Debug|Any CPU
		{E08CEFAE-0FB7-4BA2-BC06-B5C69FF7814F}.Debug|Any CPU.Build.0 = Debug|Any CPU
		{E08CEFAE-0FB7-4BA2-BC06-B5C69FF7814F}.Release|Any CPU.ActiveCfg = Release|Any CPU
		{E08CEFAE-0FB7-4BA2-BC06-B5C69FF7814F}.Release|Any CPU.Build.0 = Release|Any CPU
		{515F5089-BFAF-4C88-8C72-6BA81AAD6D67}.Debug|Any CPU.ActiveCfg = Debug|Any CPU
		{515F5089-BFAF-4C88-8C72-6BA81AAD6D67}.Debug|Any CPU.Build.0 = Debug|Any CPU
		{515F5089-BFAF-4C88-8C72-6BA81AAD6D67}.Release|Any CPU.ActiveCfg = Release|Any CPU
		{515F5089-BFAF-4C88-8C72-6BA81AAD6D67}.Release|Any CPU.Build.0 = Release|Any CPU
	EndGlobalSection
	GlobalSection(SolutionProperties) = preSolution
		HideSolutionNode = FALSE
	EndGlobalSection
	GlobalSection(NestedProjects) = preSolution
		{1524D906-1711-4ABB-923C-83538644A062} = {228CDE89-EDDF-4F2C-92D0-1226989115F0}
		{5F285FB7-0225-4344-89DC-9BD1F2CF9191} = {228CDE89-EDDF-4F2C-92D0-1226989115F0}
		{BCF544FC-B842-44FA-8F41-A1DD3C5830ED} = {228CDE89-EDDF-4F2C-92D0-1226989115F0}
		{D2A1D162-DD7D-4535-B653-407A0D147528} = {228CDE89-EDDF-4F2C-92D0-1226989115F0}
		{E08CEFAE-0FB7-4BA2-BC06-B5C69FF7814F} = {3CB92F93-9328-423F-B5FC-0F9416ECB328}
		{3CB92F93-9328-423F-B5FC-0F9416ECB328} = {5F285FB7-0225-4344-89DC-9BD1F2CF9191}
		{FFD82598-FC86-45F8-9F8B-E607F2C25333} = {5F285FB7-0225-4344-89DC-9BD1F2CF9191}
		{09B3B95C-DC7A-418C-920D-5D5A38421864} = {5F285FB7-0225-4344-89DC-9BD1F2CF9191}
		{C7063F1D-51C8-448F-9FF2-125AEAD2D263} = {5F285FB7-0225-4344-89DC-9BD1F2CF9191}
		{515F5089-BFAF-4C88-8C72-6BA81AAD6D67} = {C7063F1D-51C8-448F-9FF2-125AEAD2D263}
	EndGlobalSection
	GlobalSection(ExtensibilityGlobals) = postSolution
		SolutionGuid = {717E9811-18AE-4CBB-89E0-8C7C707EEBAA}
	EndGlobalSection
EndGlobal
