
Microsoft Visual Studio Solution File, Format Version 12.00
# Visual Studio Version 16
VisualStudioVersion = 16.0.31624.102
MinimumVisualStudioVersion = 10.0.40219.1
Project("{FAE04EC0-301F-11D3-BF4B-00C04F79EFBC}") = "RAbbitMQDemo", "RAbbitMQDemo\RAbbitMQDemo.csproj", "{C0EBB39B-8E1A-4A3A-BF65-D97E126ECE3A}"
EndProject
Global
	GlobalSection(SolutionConfigurationPlatforms) = preSolution
		Debug|Any CPU = Debug|Any CPU
		Release|Any CPU = Release|Any CPU
	EndGlobalSection
	GlobalSection(ProjectConfigurationPlatforms) = postSolution
		{C0EBB39B-8E1A-4A3A-BF65-D97E126ECE3A}.Debug|Any CPU.ActiveCfg = Debug|Any CPU
		{C0EBB39B-8E1A-4A3A-BF65-D97E126ECE3A}.Debug|Any CPU.Build.0 = Debug|Any CPU
		{C0EBB39B-8E1A-4A3A-BF65-D97E126ECE3A}.Release|Any CPU.ActiveCfg = Release|Any CPU
		{C0EBB39B-8E1A-4A3A-BF65-D97E126ECE3A}.Release|Any CPU.Build.0 = Release|Any CPU
	EndGlobalSection
	GlobalSection(SolutionProperties) = preSolution
		HideSolutionNode = FALSE
	EndGlobalSection
	GlobalSection(ExtensibilityGlobals) = postSolution
		SolutionGuid = {2984C961-3BF0-4459-9B69-6B6FBD93254F}
	EndGlobalSection
EndGlobal
