
Microsoft Visual Studio Solution File, Format Version 12.00
# Visual Studio Version 16
VisualStudioVersion = 16.0.31321.278
MinimumVisualStudioVersion = 10.0.40219.1
Project("{FAE04EC0-301F-11D3-BF4B-00C04F79EFBC}") = "UniqueInOrder", "UniqueInOrder\UniqueInOrder.csproj", "{5404DD72-F98E-4D26-9D9D-6392CD18C520}"
EndProject
Project("{FAE04EC0-301F-11D3-BF4B-00C04F79EFBC}") = "TestProject1", "TestProject1\TestProject1.csproj", "{551E34A7-4A08-4078-A89E-DEB442D6049E}"
EndProject
Global
	GlobalSection(SolutionConfigurationPlatforms) = preSolution
		Debug|Any CPU = Debug|Any CPU
		Release|Any CPU = Release|Any CPU
	EndGlobalSection
	GlobalSection(ProjectConfigurationPlatforms) = postSolution
		{5404DD72-F98E-4D26-9D9D-6392CD18C520}.Debug|Any CPU.ActiveCfg = Debug|Any CPU
		{5404DD72-F98E-4D26-9D9D-6392CD18C520}.Debug|Any CPU.Build.0 = Debug|Any CPU
		{5404DD72-F98E-4D26-9D9D-6392CD18C520}.Release|Any CPU.ActiveCfg = Release|Any CPU
		{5404DD72-F98E-4D26-9D9D-6392CD18C520}.Release|Any CPU.Build.0 = Release|Any CPU
		{551E34A7-4A08-4078-A89E-DEB442D6049E}.Debug|Any CPU.ActiveCfg = Debug|Any CPU
		{551E34A7-4A08-4078-A89E-DEB442D6049E}.Debug|Any CPU.Build.0 = Debug|Any CPU
		{551E34A7-4A08-4078-A89E-DEB442D6049E}.Release|Any CPU.ActiveCfg = Release|Any CPU
		{551E34A7-4A08-4078-A89E-DEB442D6049E}.Release|Any CPU.Build.0 = Release|Any CPU
	EndGlobalSection
	GlobalSection(SolutionProperties) = preSolution
		HideSolutionNode = FALSE
	EndGlobalSection
	GlobalSection(ExtensibilityGlobals) = postSolution
		SolutionGuid = {3647029E-6F3B-4336-AB78-FD37DE66117F}
	EndGlobalSection
EndGlobal
