
Microsoft Visual Studio Solution File, Format Version 12.00
# Visual Studio Version 16
VisualStudioVersion = 16.0.31321.278
MinimumVisualStudioVersion = 10.0.40219.1
Project("{FAE04EC0-301F-11D3-BF4B-00C04F79EFBC}") = "Exercise1", "Exercise1\Exercise1.csproj", "{EBD12493-3958-4930-AFD3-91FC571BB069}"
EndProject
Global
	GlobalSection(SolutionConfigurationPlatforms) = preSolution
		Debug|Any CPU = Debug|Any CPU
		Release|Any CPU = Release|Any CPU
	EndGlobalSection
	GlobalSection(ProjectConfigurationPlatforms) = postSolution
		{EBD12493-3958-4930-AFD3-91FC571BB069}.Debug|Any CPU.ActiveCfg = Debug|Any CPU
		{EBD12493-3958-4930-AFD3-91FC571BB069}.Debug|Any CPU.Build.0 = Debug|Any CPU
		{EBD12493-3958-4930-AFD3-91FC571BB069}.Release|Any CPU.ActiveCfg = Release|Any CPU
		{EBD12493-3958-4930-AFD3-91FC571BB069}.Release|Any CPU.Build.0 = Release|Any CPU
	EndGlobalSection
	GlobalSection(SolutionProperties) = preSolution
		HideSolutionNode = FALSE
	EndGlobalSection
	GlobalSection(ExtensibilityGlobals) = postSolution
		SolutionGuid = {30C508C1-B62B-4C8B-981B-1E514C5DF281}
	EndGlobalSection
EndGlobal
