
Microsoft Visual Studio Solution File, Format Version 12.00
# Visual Studio Version 16
VisualStudioVersion = 16.0.31321.278
MinimumVisualStudioVersion = 10.0.40219.1
Project("{FAE04EC0-301F-11D3-BF4B-00C04F79EFBC}") = "FibonacciConsole", "FibonacciConsole\FibonacciConsole.csproj", "{22890F5B-9379-4F5B-839F-D5176C0C7D0F}"
EndProject
Global
	GlobalSection(SolutionConfigurationPlatforms) = preSolution
		Debug|Any CPU = Debug|Any CPU
		Release|Any CPU = Release|Any CPU
	EndGlobalSection
	GlobalSection(ProjectConfigurationPlatforms) = postSolution
		{22890F5B-9379-4F5B-839F-D5176C0C7D0F}.Debug|Any CPU.ActiveCfg = Debug|Any CPU
		{22890F5B-9379-4F5B-839F-D5176C0C7D0F}.Debug|Any CPU.Build.0 = Debug|Any CPU
		{22890F5B-9379-4F5B-839F-D5176C0C7D0F}.Release|Any CPU.ActiveCfg = Release|Any CPU
		{22890F5B-9379-4F5B-839F-D5176C0C7D0F}.Release|Any CPU.Build.0 = Release|Any CPU
	EndGlobalSection
	GlobalSection(SolutionProperties) = preSolution
		HideSolutionNode = FALSE
	EndGlobalSection
	GlobalSection(ExtensibilityGlobals) = postSolution
		SolutionGuid = {6719B69F-8609-4575-949C-DAC0C2A33638}
	EndGlobalSection
EndGlobal
