
Microsoft Visual Studio Solution File, Format Version 12.00
# Visual Studio Version 16
VisualStudioVersion = 16.0.31424.327
MinimumVisualStudioVersion = 10.0.40219.1
Project("{FAE04EC0-301F-11D3-BF4B-00C04F79EFBC}") = "ReflectionExcercise", "ReflectionExcercise\ReflectionExcercise.csproj", "{0CABF149-9619-4BB2-BB39-28650B2C793B}"
EndProject
Global
	GlobalSection(SolutionConfigurationPlatforms) = preSolution
		Debug|Any CPU = Debug|Any CPU
		Release|Any CPU = Release|Any CPU
	EndGlobalSection
	GlobalSection(ProjectConfigurationPlatforms) = postSolution
		{0CABF149-9619-4BB2-BB39-28650B2C793B}.Debug|Any CPU.ActiveCfg = Debug|Any CPU
		{0CABF149-9619-4BB2-BB39-28650B2C793B}.Debug|Any CPU.Build.0 = Debug|Any CPU
		{0CABF149-9619-4BB2-BB39-28650B2C793B}.Release|Any CPU.ActiveCfg = Release|Any CPU
		{0CABF149-9619-4BB2-BB39-28650B2C793B}.Release|Any CPU.Build.0 = Release|Any CPU
	EndGlobalSection
	GlobalSection(SolutionProperties) = preSolution
		HideSolutionNode = FALSE
	EndGlobalSection
	GlobalSection(ExtensibilityGlobals) = postSolution
		SolutionGuid = {772D5753-5095-4B4C-971B-EEED4D770E7B}
	EndGlobalSection
EndGlobal
