
Microsoft Visual Studio Solution File, Format Version 12.00
# Visual Studio Version 16
VisualStudioVersion = 16.0.31321.278
MinimumVisualStudioVersion = 10.0.40219.1
Project("{FAE04EC0-301F-11D3-BF4B-00C04F79EFBC}") = "StringToFraction", "StringToFraction\StringToFraction.csproj", "{ABDEC7BB-0362-47CD-A5DD-C5A139272998}"
EndProject
Global
	GlobalSection(SolutionConfigurationPlatforms) = preSolution
		Debug|Any CPU = Debug|Any CPU
		Release|Any CPU = Release|Any CPU
	EndGlobalSection
	GlobalSection(ProjectConfigurationPlatforms) = postSolution
		{ABDEC7BB-0362-47CD-A5DD-C5A139272998}.Debug|Any CPU.ActiveCfg = Debug|Any CPU
		{ABDEC7BB-0362-47CD-A5DD-C5A139272998}.Debug|Any CPU.Build.0 = Debug|Any CPU
		{ABDEC7BB-0362-47CD-A5DD-C5A139272998}.Release|Any CPU.ActiveCfg = Release|Any CPU
		{ABDEC7BB-0362-47CD-A5DD-C5A139272998}.Release|Any CPU.Build.0 = Release|Any CPU
	EndGlobalSection
	GlobalSection(SolutionProperties) = preSolution
		HideSolutionNode = FALSE
	EndGlobalSection
	GlobalSection(ExtensibilityGlobals) = postSolution
		SolutionGuid = {7010FF9F-F303-44D7-9E81-505E76F0394F}
	EndGlobalSection
EndGlobal
